
Microsoft Visual Studio Solution File, Format Version 12.00
# Visual Studio Version 16
VisualStudioVersion = 16.0.30907.101
MinimumVisualStudioVersion = 10.0.40219.1
Project("{FAE04EC0-301F-11D3-BF4B-00C04F79EFBC}") = "NRDCL", "NRDCL.csproj", "{240BFC57-9CD0-45AB-8BC9-44C5300D69C6}"
EndProject
Global
	GlobalSection(SolutionConfigurationPlatforms) = preSolution
		Debug|Any CPU = Debug|Any CPU
		Release|Any CPU = Release|Any CPU
	EndGlobalSection
	GlobalSection(ProjectConfigurationPlatforms) = postSolution
		{240BFC57-9CD0-45AB-8BC9-44C5300D69C6}.Debug|Any CPU.ActiveCfg = Debug|Any CPU
		{240BFC57-9CD0-45AB-8BC9-44C5300D69C6}.Debug|Any CPU.Build.0 = Debug|Any CPU
		{240BFC57-9CD0-45AB-8BC9-44C5300D69C6}.Release|Any CPU.ActiveCfg = Release|Any CPU
		{240BFC57-9CD0-45AB-8BC9-44C5300D69C6}.Release|Any CPU.Build.0 = Release|Any CPU
	EndGlobalSection
	GlobalSection(SolutionProperties) = preSolution
		HideSolutionNode = FALSE
	EndGlobalSection
	GlobalSection(ExtensibilityGlobals) = postSolution
		SolutionGuid = {BE0D5DC9-147F-41B0-B09A-CE845F1D6E5D}
	EndGlobalSection
EndGlobal
